
Microsoft Visual Studio Solution File, Format Version 12.00
# Visual Studio Version 17
VisualStudioVersion = 17.12.35514.174 d17.12
MinimumVisualStudioVersion = 10.0.40219.1
Project("{FAE04EC0-301F-11D3-BF4B-00C04F79EFBC}") = "FirstProject", "FirstProject\FirstProject.csproj", "{811ED252-9F39-4166-B4EB-0B88F8505E91}"
EndProject
Project("{FAE04EC0-301F-11D3-BF4B-00C04F79EFBC}") = "Islam's Carpet", "Islam's Carpet\Islam's Carpet.csproj", "{EFC2E318-8F48-428E-BFBF-7D72CBA1A99D}"
EndProject
Global
	GlobalSection(SolutionConfigurationPlatforms) = preSolution
		Debug|Any CPU = Debug|Any CPU
		Release|Any CPU = Release|Any CPU
	EndGlobalSection
	GlobalSection(ProjectConfigurationPlatforms) = postSolution
		{811ED252-9F39-4166-B4EB-0B88F8505E91}.Debug|Any CPU.ActiveCfg = Debug|Any CPU
		{811ED252-9F39-4166-B4EB-0B88F8505E91}.Debug|Any CPU.Build.0 = Debug|Any CPU
		{811ED252-9F39-4166-B4EB-0B88F8505E91}.Release|Any CPU.ActiveCfg = Release|Any CPU
		{811ED252-9F39-4166-B4EB-0B88F8505E91}.Release|Any CPU.Build.0 = Release|Any CPU
		{EFC2E318-8F48-428E-BFBF-7D72CBA1A99D}.Debug|Any CPU.ActiveCfg = Debug|Any CPU
		{EFC2E318-8F48-428E-BFBF-7D72CBA1A99D}.Debug|Any CPU.Build.0 = Debug|Any CPU
		{EFC2E318-8F48-428E-BFBF-7D72CBA1A99D}.Release|Any CPU.ActiveCfg = Release|Any CPU
		{EFC2E318-8F48-428E-BFBF-7D72CBA1A99D}.Release|Any CPU.Build.0 = Release|Any CPU
	EndGlobalSection
	GlobalSection(SolutionProperties) = preSolution
		HideSolutionNode = FALSE
	EndGlobalSection
EndGlobal
